
Microsoft Visual Studio Solution File, Format Version 12.00
# Visual Studio Version 17
VisualStudioVersion = 17.10.34928.147
MinimumVisualStudioVersion = 10.0.40219.1
Project("{FAE04EC0-301F-11D3-BF4B-00C04F79EFBC}") = "CheckPassword", "CheckPassword\CheckPassword.csproj", "{C33568BB-A6E4-4865-81FB-496A1529D077}"
EndProject
Project("{FAE04EC0-301F-11D3-BF4B-00C04F79EFBC}") = "CheckPassword.Tests", "CheckPassword.Tests\CheckPassword.Tests.csproj", "{F7D43B10-D9F9-45E3-BFE2-D781B9BBEEF1}"
EndProject
Global
	GlobalSection(SolutionConfigurationPlatforms) = preSolution
		Debug|Any CPU = Debug|Any CPU
		Release|Any CPU = Release|Any CPU
	EndGlobalSection
	GlobalSection(ProjectConfigurationPlatforms) = postSolution
		{C33568BB-A6E4-4865-81FB-496A1529D077}.Debug|Any CPU.ActiveCfg = Debug|Any CPU
		{C33568BB-A6E4-4865-81FB-496A1529D077}.Debug|Any CPU.Build.0 = Debug|Any CPU
		{C33568BB-A6E4-4865-81FB-496A1529D077}.Release|Any CPU.ActiveCfg = Release|Any CPU
		{C33568BB-A6E4-4865-81FB-496A1529D077}.Release|Any CPU.Build.0 = Release|Any CPU
		{F7D43B10-D9F9-45E3-BFE2-D781B9BBEEF1}.Debug|Any CPU.ActiveCfg = Debug|Any CPU
		{F7D43B10-D9F9-45E3-BFE2-D781B9BBEEF1}.Debug|Any CPU.Build.0 = Debug|Any CPU
		{F7D43B10-D9F9-45E3-BFE2-D781B9BBEEF1}.Release|Any CPU.ActiveCfg = Release|Any CPU
		{F7D43B10-D9F9-45E3-BFE2-D781B9BBEEF1}.Release|Any CPU.Build.0 = Release|Any CPU
	EndGlobalSection
	GlobalSection(SolutionProperties) = preSolution
		HideSolutionNode = FALSE
	EndGlobalSection
	GlobalSection(ExtensibilityGlobals) = postSolution
		SolutionGuid = {2C1CA20C-0737-4989-92AD-F3B4500EE1D8}
	EndGlobalSection
EndGlobal
